
Microsoft Visual Studio Solution File, Format Version 12.00
# Visual Studio Version 17
VisualStudioVersion = 17.2.32630.192
MinimumVisualStudioVersion = 10.0.40219.1
Project("{8BC9CEB8-8B4A-11D0-8D11-00A0C91BC942}") = "hash_servicii", "hash_servicii\hash_servicii.vcxproj", "{EFF46BE8-67C0-42AE-9DDA-A1305F01B766}"
EndProject
Global
	GlobalSection(SolutionConfigurationPlatforms) = preSolution
		Debug|x64 = Debug|x64
		Debug|x86 = Debug|x86
		Release|x64 = Release|x64
		Release|x86 = Release|x86
	EndGlobalSection
	GlobalSection(ProjectConfigurationPlatforms) = postSolution
		{EFF46BE8-67C0-42AE-9DDA-A1305F01B766}.Debug|x64.ActiveCfg = Debug|x64
		{EFF46BE8-67C0-42AE-9DDA-A1305F01B766}.Debug|x64.Build.0 = Debug|x64
		{EFF46BE8-67C0-42AE-9DDA-A1305F01B766}.Debug|x86.ActiveCfg = Debug|Win32
		{EFF46BE8-67C0-42AE-9DDA-A1305F01B766}.Debug|x86.Build.0 = Debug|Win32
		{EFF46BE8-67C0-42AE-9DDA-A1305F01B766}.Release|x64.ActiveCfg = Release|x64
		{EFF46BE8-67C0-42AE-9DDA-A1305F01B766}.Release|x64.Build.0 = Release|x64
		{EFF46BE8-67C0-42AE-9DDA-A1305F01B766}.Release|x86.ActiveCfg = Release|Win32
		{EFF46BE8-67C0-42AE-9DDA-A1305F01B766}.Release|x86.Build.0 = Release|Win32
	EndGlobalSection
	GlobalSection(SolutionProperties) = preSolution
		HideSolutionNode = FALSE
	EndGlobalSection
	GlobalSection(ExtensibilityGlobals) = postSolution
		SolutionGuid = {A856D9E0-D721-4C6A-8446-58ABA9F5946F}
	EndGlobalSection
EndGlobal
